
Microsoft Visual Studio Solution File, Format Version 12.00
# Visual Studio Version 16
VisualStudioVersion = 16.0.30907.101
MinimumVisualStudioVersion = 10.0.40219.1
Project("{9A19103F-16F7-4668-BE54-9A1E7A4F7556}") = "TodoList", "TodoList.csproj", "{D4317720-812B-499E-B7E5-488661747E9E}"
EndProject
Global
	GlobalSection(SolutionConfigurationPlatforms) = preSolution
		Debug|Any CPU = Debug|Any CPU
		Release|Any CPU = Release|Any CPU
	EndGlobalSection
	GlobalSection(ProjectConfigurationPlatforms) = postSolution
		{D4317720-812B-499E-B7E5-488661747E9E}.Debug|Any CPU.ActiveCfg = Debug|Any CPU
		{D4317720-812B-499E-B7E5-488661747E9E}.Debug|Any CPU.Build.0 = Debug|Any CPU
		{D4317720-812B-499E-B7E5-488661747E9E}.Release|Any CPU.ActiveCfg = Release|Any CPU
		{D4317720-812B-499E-B7E5-488661747E9E}.Release|Any CPU.Build.0 = Release|Any CPU
	EndGlobalSection
	GlobalSection(SolutionProperties) = preSolution
		HideSolutionNode = FALSE
	EndGlobalSection
	GlobalSection(ExtensibilityGlobals) = postSolution
		SolutionGuid = {FEE3D855-BC3D-4919-96C1-FA1AB6E62D46}
	EndGlobalSection
EndGlobal
